Microsoft Visual Studio Solution File, Format Version 12.00
# Visual Studio 15
Project("{8BC9CEB8-8B4A-11D0-8D11-00A0C91BC942}") = "ALL_BUILD", "ALL_BUILD.vcxproj", "{13E71FA5-19DF-34D6-BA66-423634ECB486}"
	ProjectSection(ProjectDependencies) = postProject
		{C72CD110-04FF-3CA6-87C6-41845D6BB4D7} = {C72CD110-04FF-3CA6-87C6-41845D6BB4D7}
		{C0119DE2-34AF-3207-AB72-793D0FABA782} = {C0119DE2-34AF-3207-AB72-793D0FABA782}
	EndProjectSection
EndProject
Project("{8BC9CEB8-8B4A-11D0-8D11-00A0C91BC942}") = "ZERO_CHECK", "ZERO_CHECK.vcxproj", "{C72CD110-04FF-3CA6-87C6-41845D6BB4D7}"
	ProjectSection(ProjectDependencies) = postProject
	EndProjectSection
EndProject
Project("{8BC9CEB8-8B4A-11D0-8D11-00A0C91BC942}") = "wololo", "wololo.vcxproj", "{C0119DE2-34AF-3207-AB72-793D0FABA782}"
	ProjectSection(ProjectDependencies) = postProject
		{C72CD110-04FF-3CA6-87C6-41845D6BB4D7} = {C72CD110-04FF-3CA6-87C6-41845D6BB4D7}
	EndProjectSection
EndProject
Global
	GlobalSection(SolutionConfigurationPlatforms) = preSolution
		Debug|x64 = Debug|x64
		Release|x64 = Release|x64
		MinSizeRel|x64 = MinSizeRel|x64
		RelWithDebInfo|x64 = RelWithDebInfo|x64
	EndGlobalSection
	GlobalSection(ProjectConfigurationPlatforms) = postSolution
		{13E71FA5-19DF-34D6-BA66-423634ECB486}.Debug|x64.ActiveCfg = Debug|x64
		{13E71FA5-19DF-34D6-BA66-423634ECB486}.Release|x64.ActiveCfg = Release|x64
		{13E71FA5-19DF-34D6-BA66-423634ECB486}.MinSizeRel|x64.ActiveCfg = MinSizeRel|x64
		{13E71FA5-19DF-34D6-BA66-423634ECB486}.RelWithDebInfo|x64.ActiveCfg = RelWithDebInfo|x64
		{C72CD110-04FF-3CA6-87C6-41845D6BB4D7}.Debug|x64.ActiveCfg = Debug|x64
		{C72CD110-04FF-3CA6-87C6-41845D6BB4D7}.Debug|x64.Build.0 = Debug|x64
		{C72CD110-04FF-3CA6-87C6-41845D6BB4D7}.Release|x64.ActiveCfg = Release|x64
		{C72CD110-04FF-3CA6-87C6-41845D6BB4D7}.Release|x64.Build.0 = Release|x64
		{C72CD110-04FF-3CA6-87C6-41845D6BB4D7}.MinSizeRel|x64.ActiveCfg = MinSizeRel|x64
		{C72CD110-04FF-3CA6-87C6-41845D6BB4D7}.MinSizeRel|x64.Build.0 = MinSizeRel|x64
		{C72CD110-04FF-3CA6-87C6-41845D6BB4D7}.RelWithDebInfo|x64.ActiveCfg = RelWithDebInfo|x64
		{C72CD110-04FF-3CA6-87C6-41845D6BB4D7}.RelWithDebInfo|x64.Build.0 = RelWithDebInfo|x64
		{C0119DE2-34AF-3207-AB72-793D0FABA782}.Debug|x64.ActiveCfg = Debug|x64
		{C0119DE2-34AF-3207-AB72-793D0FABA782}.Debug|x64.Build.0 = Debug|x64
		{C0119DE2-34AF-3207-AB72-793D0FABA782}.Release|x64.ActiveCfg = Release|x64
		{C0119DE2-34AF-3207-AB72-793D0FABA782}.Release|x64.Build.0 = Release|x64
		{C0119DE2-34AF-3207-AB72-793D0FABA782}.MinSizeRel|x64.ActiveCfg = MinSizeRel|x64
		{C0119DE2-34AF-3207-AB72-793D0FABA782}.MinSizeRel|x64.Build.0 = MinSizeRel|x64
		{C0119DE2-34AF-3207-AB72-793D0FABA782}.RelWithDebInfo|x64.ActiveCfg = RelWithDebInfo|x64
		{C0119DE2-34AF-3207-AB72-793D0FABA782}.RelWithDebInfo|x64.Build.0 = RelWithDebInfo|x64
	EndGlobalSection
	GlobalSection(ExtensibilityGlobals) = postSolution
		SolutionGuid = {9BC95367-F884-3FE3-8E25-4941A0F107F4}
	EndGlobalSection
	GlobalSection(ExtensibilityAddIns) = postSolution
	EndGlobalSection
EndGlobal
