<?xml version="1.0" encoding="utf-8"?>
<Project ToolsVersion="15.0" xmlns="http://schemas.microsoft.com/developer/msbuild/2003">
  <ItemGroup>
    <CustomBuild Include="C:\_Git\ericsson_2019\CMakeFiles\b92921c624aaf29c7a334d1dacddf48e\generate.stamp.rule">
      <Filter>CMake Rules</Filter>
    </CustomBuild>
  </ItemGroup>
  <ItemGroup>
    <Filter Include="CMake Rules">
      <UniqueIdentifier>{E67A19F0-CA80-3752-96F2-C1F20C0792C7}</UniqueIdentifier>
    </Filter>
  </ItemGroup>
</Project>
